// !$*UTF8*$!
{
	archiveVersion = 1;
	classes = {
	};
	objectVersion = 56;
	objects = {

/* Begin PBXBuildFile section */
		3710CA302DE793FF00AB9B30 /* CornerApp.swift in Sources */ = {isa = PBXBuildFile; fileRef = 3710CA2F2DE793FF00AB9B30 /* CornerApp.swift */; };
		3710CA322DE793FF00AB9B30 /* ContentView.swift in Sources */ = {isa = PBXBuildFile; fileRef = 3710CA312DE793FF00AB9B30 /* ContentView.swift */; };
		3710CA342DE7940200AB9B30 /* Assets.xcassets in Resources */ = {isa = PBXBuildFile; fileRef = 3710CA332DE7940200AB9B30 /* Assets.xcassets */; };
		3710CA372DE7940200AB9B30 /* Preview Assets.xcassets in Resources */ = {isa = PBXBuildFile; fileRef = 3710CA362DE7940200AB9B30 /* Preview Assets.xcassets */; };
		371F8F192DF203F1000AE169 /* CornerMenuIcon.png in Resources */ = {isa = PBXBuildFile; fileRef = 371F8F182DF203F1000AE169 /* CornerMenuIcon.png */; };
		3748A36F2DECB21900315459 /* DraggablePanel.swift in Sources */ = {isa = PBXBuildFile; fileRef = 3748A36E2DECB21900315459 /* DraggablePanel.swift */; };
		37872D372DEF6836006DA2CA /* DragHostingView.swift in Sources */ = {isa = PBXBuildFile; fileRef = 37872D362DEF6836006DA2CA /* DragHostingView.swift */; };
		37A553E82DE795B900FE8730 /* AppDelegate.swift in Sources */ = {isa = PBXBuildFile; fileRef = 37A553E72DE795B900FE8730 /* AppDelegate.swift */; };
		37A553EC2DE797C600FE8730 /* AppState.swift in Sources */ = {isa = PBXBuildFile; fileRef = 37A553EB2DE797C600FE8730 /* AppState.swift */; };
/* End PBXBuildFile section */

/* Begin PBXFileReference section */
		3710CA2C2DE793FF00AB9B30 /* Corner.app */ = {isa = PBXFileReference; explicitFileType = wrapper.application; includeInIndex = 0; path = Corner.app; sourceTree = BUILT_PRODUCTS_DIR; };
		3710CA2F2DE793FF00AB9B30 /* CornerApp.swift */ = {isa = PBXFileReference; lastKnownFileType = sourcecode.swift; path = CornerApp.swift; sourceTree = "<group>"; };
		3710CA312DE793FF00AB9B30 /* ContentView.swift */ = {isa = PBXFileReference; lastKnownFileType = sourcecode.swift; path = ContentView.swift; sourceTree = "<group>"; };
		3710CA332DE7940200AB9B30 /* Assets.xcassets */ = {isa = PBXFileReference; lastKnownFileType = folder.assetcatalog; path = Assets.xcassets; sourceTree = "<group>"; };
		3710CA362DE7940200AB9B30 /* Preview Assets.xcassets */ = {isa = PBXFileReference; lastKnownFileType = folder.assetcatalog; path = "Preview Assets.xcassets"; sourceTree = "<group>"; };
		3710CA382DE7940200AB9B30 /* Corner.entitlements */ = {isa = PBXFileReference; lastKnownFileType = text.plist.entitlements; path = Corner.entitlements; sourceTree = "<group>"; };
		371F8F182DF203F1000AE169 /* CornerMenuIcon.png */ = {isa = PBXFileReference; lastKnownFileType = image.png; path = CornerMenuIcon.png; sourceTree = "<group>"; };
		3748A36E2DECB21900315459 /* DraggablePanel.swift */ = {isa = PBXFileReference; lastKnownFileType = sourcecode.swift; path = DraggablePanel.swift; sourceTree = "<group>"; };
		37872D362DEF6836006DA2CA /* DragHostingView.swift */ = {isa = PBXFileReference; lastKnownFileType = sourcecode.swift; path = DragHostingView.swift; sourceTree = "<group>"; };
		37A553E72DE795B900FE8730 /* AppDelegate.swift */ = {isa = PBXFileReference; lastKnownFileType = sourcecode.swift; path = AppDelegate.swift; sourceTree = "<group>"; };
		37A553EB2DE797C600FE8730 /* AppState.swift */ = {isa = PBXFileReference; lastKnownFileType = sourcecode.swift; path = AppState.swift; sourceTree = "<group>"; };
/* End PBXFileReference section */

/* Begin PBXFrameworksBuildPhase section */
		3710CA292DE793FF00AB9B30 /* Frameworks */ = {
			isa = PBXFrameworksBuildPhase;
			buildActionMask = 2147483647;
			files = (
			);
			runOnlyForDeploymentPostprocessing = 0;
		};
/* End PBXFrameworksBuildPhase section */

/* Begin PBXGroup section */
		3710CA232DE793FF00AB9B30 = {
			isa = PBXGroup;
			children = (
				3710CA2E2DE793FF00AB9B30 /* Corner */,
				3710CA2D2DE793FF00AB9B30 /* Products */,
			);
			sourceTree = "<group>";
		};
		3710CA2D2DE793FF00AB9B30 /* Products */ = {
			isa = PBXGroup;
			children = (
				3710CA2C2DE793FF00AB9B30 /* Corner.app */,
			);
			name = Products;
			sourceTree = "<group>";
		};
		3710CA2E2DE793FF00AB9B30 /* Corner */ = {
			isa = PBXGroup;
			children = (
				371F8F182DF203F1000AE169 /* CornerMenuIcon.png */,
				37872D362DEF6836006DA2CA /* DragHostingView.swift */,
				37A553E72DE795B900FE8730 /* AppDelegate.swift */,
				3710CA2F2DE793FF00AB9B30 /* CornerApp.swift */,
				3710CA312DE793FF00AB9B30 /* ContentView.swift */,
				3710CA332DE7940200AB9B30 /* Assets.xcassets */,
				3710CA382DE7940200AB9B30 /* Corner.entitlements */,
				3710CA352DE7940200AB9B30 /* Preview Content */,
				37A553EB2DE797C600FE8730 /* AppState.swift */,
				3748A36E2DECB21900315459 /* DraggablePanel.swift */,
			);
			path = Corner;
			sourceTree = "<group>";
		};
		3710CA352DE7940200AB9B30 /* Preview Content */ = {
			isa = PBXGroup;
			children = (
				3710CA362DE7940200AB9B30 /* Preview Assets.xcassets */,
			);
			path = "Preview Content";
			sourceTree = "<group>";
		};
/* End PBXGroup section */

/* Begin PBXNativeTarget section */
		3710CA2B2DE793FF00AB9B30 /* Corner */ = {
			isa = PBXNativeTarget;
			buildConfigurationList = 3710CA3B2DE7940200AB9B30 /* Build configuration list for PBXNativeTarget "Corner" */;
			buildPhases = (
				3710CA282DE793FF00AB9B30 /* Sources */,
				3710CA292DE793FF00AB9B30 /* Frameworks */,
				3710CA2A2DE793FF00AB9B30 /* Resources */,
			);
			buildRules = (
			);
			dependencies = (
			);
			name = Corner;
			productName = Corner;
			productReference = 3710CA2C2DE793FF00AB9B30 /* Corner.app */;
			productType = "com.apple.product-type.application";
		};
/* End PBXNativeTarget section */

/* Begin PBXProject section */
		3710CA242DE793FF00AB9B30 /* Project object */ = {
			isa = PBXProject;
			attributes = {
				BuildIndependentTargetsInParallel = 1;
				LastSwiftUpdateCheck = 1520;
				LastUpgradeCheck = 1520;
				TargetAttributes = {
					3710CA2B2DE793FF00AB9B30 = {
						CreatedOnToolsVersion = 15.2;
					};
				};
			};
			buildConfigurationList = 3710CA272DE793FF00AB9B30 /* Build configuration list for PBXProject "Corner" */;
			compatibilityVersion = "Xcode 14.0";
			developmentRegion = en;
			hasScannedForEncodings = 0;
			knownRegions = (
				en,
				Base,
			);
			mainGroup = 3710CA232DE793FF00AB9B30;
			productRefGroup = 3710CA2D2DE793FF00AB9B30 /* Products */;
			projectDirPath = "";
			projectRoot = "";
			targets = (
				3710CA2B2DE793FF00AB9B30 /* Corner */,
			);
		};
/* End PBXProject section */

/* Begin PBXResourcesBuildPhase section */
		3710CA2A2DE793FF00AB9B30 /* Resources */ = {
			isa = PBXResourcesBuildPhase;
			buildActionMask = 2147483647;
			files = (
				3710CA372DE7940200AB9B30 /* Preview Assets.xcassets in Resources */,
				371F8F192DF203F1000AE169 /* CornerMenuIcon.png in Resources */,
				3710CA342DE7940200AB9B30 /* Assets.xcassets in Resources */,
			);
			runOnlyForDeploymentPostprocessing = 0;
		};
/* End PBXResourcesBuildPhase section */

/* Begin PBXSourcesBuildPhase section */
		3710CA282DE793FF00AB9B30 /* Sources */ = {
			isa = PBXSourcesBuildPhase;
			buildActionMask = 2147483647;
			files = (
				37A553EC2DE797C600FE8730 /* AppState.swift in Sources */,
				37872D372DEF6836006DA2CA /* DragHostingView.swift in Sources */,
				3748A36F2DECB21900315459 /* DraggablePanel.swift in Sources */,
				37A553E82DE795B900FE8730 /* AppDelegate.swift in Sources */,
				3710CA322DE793FF00AB9B30 /* ContentView.swift in Sources */,
				3710CA302DE793FF00AB9B30 /* CornerApp.swift in Sources */,
			);
			runOnlyForDeploymentPostprocessing = 0;
		};
/* End PBXSourcesBuildPhase section */

/* Begin XCBuildConfiguration section */
		3710CA392DE7940200AB9B30 /* Debug */ = {
			isa = XCBuildConfiguration;
			buildSettings = {
				ALWAYS_SEARCH_USER_PATHS = NO;
				ASSETCATALOG_COMPILER_GENERATE_SWIFT_ASSET_SYMBOL_EXTENSIONS = YES;
				CLANG_ANALYZER_NONNULL = YES;
				CLANG_ANALYZER_NUMBER_OBJECT_CONVERSION = YES_AGGRESSIVE;
				CLANG_CXX_LANGUAGE_STANDARD = "gnu++20";
				CLANG_ENABLE_MODULES = YES;
				CLANG_ENABLE_OBJC_ARC = YES;
				CLANG_ENABLE_OBJC_WEAK = YES;
				CLANG_WARN_BLOCK_CAPTURE_AUTORELEASING = YES;
				CLANG_WARN_BOOL_CONVERSION = YES;
				CLANG_WARN_COMMA = YES;
				CLANG_WARN_CONSTANT_CONVERSION = YES;
				CLANG_WARN_DEPRECATED_OBJC_IMPLEMENTATIONS = YES;
				CLANG_WARN_DIRECT_OBJC_ISA_USAGE = YES_ERROR;
				CLANG_WARN_DOCUMENTATION_COMMENTS = YES;
				CLANG_WARN_EMPTY_BODY = YES;
				CLANG_WARN_ENUM_CONVERSION = YES;
				CLANG_WARN_INFINITE_RECURSION = YES;
				CLANG_WARN_INT_CONVERSION = YES;
				CLANG_WARN_NON_LITERAL_NULL_CONVERSION = YES;
				CLANG_WARN_OBJC_IMPLICIT_RETAIN_SELF = YES;
				CLANG_WARN_OBJC_LITERAL_CONVERSION = YES;
				CLANG_WARN_OBJC_ROOT_CLASS = YES_ERROR;
				CLANG_WARN_QUOTED_INCLUDE_IN_FRAMEWORK_HEADER = YES;
				CLANG_WARN_RANGE_LOOP_ANALYSIS = YES;
				CLANG_WARN_STRICT_PROTOTYPES = YES;
				CLANG_WARN_SUSPICIOUS_MOVE = YES;
				CLANG_WARN_UNGUARDED_AVAILABILITY = YES_AGGRESSIVE;
				CLANG_WARN_UNREACHABLE_CODE = YES;
				CLANG_WARN__DUPLICATE_METHOD_MATCH = YES;
				COPY_PHASE_STRIP = NO;
				DEBUG_INFORMATION_FORMAT = dwarf;
				ENABLE_STRICT_OBJC_MSGSEND = YES;
				ENABLE_TESTABILITY = YES;
				ENABLE_USER_SCRIPT_SANDBOXING = YES;
				GCC_C_LANGUAGE_STANDARD = gnu17;
				GCC_DYNAMIC_NO_PIC = NO;
				GCC_NO_COMMON_BLOCKS = YES;
				GCC_OPTIMIZATION_LEVEL = 0;
				GCC_PREPROCESSOR_DEFINITIONS = (
					"DEBUG=1",
					"$(inherited)",
				);
				GCC_WARN_64_TO_32_BIT_CONVERSION = YES;
				GCC_WARN_ABOUT_RETURN_TYPE = YES_ERROR;
				GCC_WARN_UNDECLARED_SELECTOR = YES;
				GCC_WARN_UNINITIALIZED_AUTOS = YES_AGGRESSIVE;
				GCC_WARN_UNUSED_FUNCTION = YES;
				GCC_WARN_UNUSED_VARIABLE = YES;
				LOCALIZATION_PREFERS_STRING_CATALOGS = YES;
				MACOSX_DEPLOYMENT_TARGET = 13.5;
				MTL_ENABLE_DEBUG_INFO = INCLUDE_SOURCE;
				MTL_FAST_MATH = YES;
				ONLY_ACTIVE_ARCH = YES;
				SDKROOT = macosx;
				SWIFT_ACTIVE_COMPILATION_CONDITIONS = "DEBUG $(inherited)";
				SWIFT_OPTIMIZATION_LEVEL = "-Onone";
			};
			name = Debug;
		};
		3710CA3A2DE7940200AB9B30 /* Release */ = {
			isa = XCBuildConfiguration;
			buildSettings = {
				ALWAYS_SEARCH_USER_PATHS = NO;
				ASSETCATALOG_COMPILER_GENERATE_SWIFT_ASSET_SYMBOL_EXTENSIONS = YES;
				CLANG_ANALYZER_NONNULL = YES;
				CLANG_ANALYZER_NUMBER_OBJECT_CONVERSION = YES_AGGRESSIVE;
				CLANG_CXX_LANGUAGE_STANDARD = "gnu++20";
				CLANG_ENABLE_MODULES = YES;
				CLANG_ENABLE_OBJC_ARC = YES;
				CLANG_ENABLE_OBJC_WEAK = YES;
				CLANG_WARN_BLOCK_CAPTURE_AUTORELEASING = YES;
				CLANG_WARN_BOOL_CONVERSION = YES;
				CLANG_WARN_COMMA = YES;
				CLANG_WARN_CONSTANT_CONVERSION = YES;
				CLANG_WARN_DEPRECATED_OBJC_IMPLEMENTATIONS = YES;
				CLANG_WARN_DIRECT_OBJC_ISA_USAGE = YES_ERROR;
				CLANG_WARN_DOCUMENTATION_COMMENTS = YES;
				CLANG_WARN_EMPTY_BODY = YES;
				CLANG_WARN_ENUM_CONVERSION = YES;
				CLANG_WARN_INFINITE_RECURSION = YES;
				CLANG_WARN_INT_CONVERSION = YES;
				CLANG_WARN_NON_LITERAL_NULL_CONVERSION = YES;
				CLANG_WARN_OBJC_IMPLICIT_RETAIN_SELF = YES;
				CLANG_WARN_OBJC_LITERAL_CONVERSION = YES;
				CLANG_WARN_OBJC_ROOT_CLASS = YES_ERROR;
				CLANG_WARN_QUOTED_INCLUDE_IN_FRAMEWORK_HEADER = YES;
				CLANG_WARN_RANGE_LOOP_ANALYSIS = YES;
				CLANG_WARN_STRICT_PROTOTYPES = YES;
				CLANG_WARN_SUSPICIOUS_MOVE = YES;
				CLANG_WARN_UNGUARDED_AVAILABILITY = YES_AGGRESSIVE;
				CLANG_WARN_UNREACHABLE_CODE = YES;
				CLANG_WARN__DUPLICATE_METHOD_MATCH = YES;
				COPY_PHASE_STRIP = NO;
				DEBUG_INFORMATION_FORMAT = "dwarf-with-dsym";
				ENABLE_NS_ASSERTIONS = NO;
				ENABLE_STRICT_OBJC_MSGSEND = YES;
				ENABLE_USER_SCRIPT_SANDBOXING = YES;
				GCC_C_LANGUAGE_STANDARD = gnu17;
				GCC_NO_COMMON_BLOCKS = YES;
				GCC_WARN_64_TO_32_BIT_CONVERSION = YES;
				GCC_WARN_ABOUT_RETURN_TYPE = YES_ERROR;
				GCC_WARN_UNDECLARED_SELECTOR = YES;
				GCC_WARN_UNINITIALIZED_AUTOS = YES_AGGRESSIVE;
				GCC_WARN_UNUSED_FUNCTION = YES;
				GCC_WARN_UNUSED_VARIABLE = YES;
				LOCALIZATION_PREFERS_STRING_CATALOGS = YES;
				MACOSX_DEPLOYMENT_TARGET = 13.5;
				MTL_ENABLE_DEBUG_INFO = NO;
				MTL_FAST_MATH = YES;
				SDKROOT = macosx;
				SWIFT_COMPILATION_MODE = wholemodule;
			};
			name = Release;
		};
		3710CA3C2DE7940200AB9B30 /* Debug */ = {
			isa = XCBuildConfiguration;
			buildSettings = {
				ASSETCATALOG_COMPILER_APPICON_NAME = AppIcon;
				ASSETCATALOG_COMPILER_GLOBAL_ACCENT_COLOR_NAME = AccentColor;
				CODE_SIGN_ENTITLEMENTS = Corner/Corner.entitlements;
				CODE_SIGN_STYLE = Automatic;
				COMBINE_HIDPI_IMAGES = YES;
				CURRENT_PROJECT_VERSION = 1;
				DEVELOPMENT_ASSET_PATHS = "\"Corner/Preview Content\"";
				DEVELOPMENT_TEAM = 8BRYZRVLK7;
				ENABLE_HARDENED_RUNTIME = YES;
				ENABLE_PREVIEWS = YES;
				GENERATE_INFOPLIST_FILE = YES;
				INFOPLIST_KEY_NSHumanReadableCopyright = "";
				LD_RUNPATH_SEARCH_PATHS = (
					"$(inherited)",
					"@executable_path/../Frameworks",
				);
				MARKETING_VERSION = 0.3;
				PRODUCT_BUNDLE_IDENTIFIER = com.major.Corner;
				PRODUCT_NAME = "$(TARGET_NAME)";
				SWIFT_EMIT_LOC_STRINGS = YES;
				SWIFT_VERSION = 5.0;
			};
			name = Debug;
		};
		3710CA3D2DE7940200AB9B30 /* Release */ = {
			isa = XCBuildConfiguration;
			buildSettings = {
				ASSETCATALOG_COMPILER_APPICON_NAME = AppIcon;
				ASSETCATALOG_COMPILER_GLOBAL_ACCENT_COLOR_NAME = AccentColor;
				CODE_SIGN_ENTITLEMENTS = Corner/Corner.entitlements;
				CODE_SIGN_STYLE = Automatic;
				COMBINE_HIDPI_IMAGES = YES;
				CURRENT_PROJECT_VERSION = 1;
				DEVELOPMENT_ASSET_PATHS = "\"Corner/Preview Content\"";
				DEVELOPMENT_TEAM = 8BRYZRVLK7;
				ENABLE_HARDENED_RUNTIME = YES;
				ENABLE_PREVIEWS = YES;
				GENERATE_INFOPLIST_FILE = YES;
				INFOPLIST_KEY_NSHumanReadableCopyright = "";
				LD_RUNPATH_SEARCH_PATHS = (
					"$(inherited)",
					"@executable_path/../Frameworks",
				);
				MARKETING_VERSION = 0.3;
				PRODUCT_BUNDLE_IDENTIFIER = com.major.Corner;
				PRODUCT_NAME = "$(TARGET_NAME)";
				SWIFT_EMIT_LOC_STRINGS = YES;
				SWIFT_VERSION = 5.0;
			};
			name = Release;
		};
/* End XCBuildConfiguration section */

/* Begin XCConfigurationList section */
		3710CA272DE793FF00AB9B30 /* Build configuration list for PBXProject "Corner" */ = {
			isa = XCConfigurationList;
			buildConfigurations = (
				3710CA392DE7940200AB9B30 /* Debug */,
				3710CA3A2DE7940200AB9B30 /* Release */,
			);
			defaultConfigurationIsVisible = 0;
			defaultConfigurationName = Release;
		};
		3710CA3B2DE7940200AB9B30 /* Build configuration list for PBXNativeTarget "Corner" */ = {
			isa = XCConfigurationList;
			buildConfigurations = (
				3710CA3C2DE7940200AB9B30 /* Debug */,
				3710CA3D2DE7940200AB9B30 /* Release */,
			);
			defaultConfigurationIsVisible = 0;
			defaultConfigurationName = Release;
		};
/* End XCConfigurationList section */
	};
	rootObject = 3710CA242DE793FF00AB9B30 /* Project object */;
}
